// !$*UTF8*$!
{
	archiveVersion = 1;
	classes = {
	};
	objectVersion = 46;
	objects = {

/* Begin PBXBuildFile section */
		0A29887118A57A9900CDC22F /* LiquidKit.h in Headers */ = {isa = PBXBuildFile; fileRef = 0AFCECE418A2E19B00A84A0C /* LiquidKit.h */; settings = {ATTRIBUTES = (Public, ); }; };
		0A3349D718AB3A1B0009E728 /* MXCILiquidFilter.h in Headers */ = {isa = PBXBuildFile; fileRef = 0A3349D418AB3A1B0009E728 /* MXCILiquidFilter.h */; };
		0A3349D818AB3A1B0009E728 /* MXCILiquidFilter.m in Sources */ = {isa = PBXBuildFile; fileRef = 0A3349D518AB3A1B0009E728 /* MXCILiquidFilter.m */; };
		0A3349D918AB3A1B0009E728 /* MXCILiquidFilter.m in Sources */ = {isa = PBXBuildFile; fileRef = 0A3349D518AB3A1B0009E728 /* MXCILiquidFilter.m */; };
		0A3349DC18AB41260009E728 /* LQImageUtils.h in Headers */ = {isa = PBXBuildFile; fileRef = 0A3349DA18AB41260009E728 /* LQImageUtils.h */; };
		0A3349DD18AB41260009E728 /* LQImageUtils.m in Sources */ = {isa = PBXBuildFile; fileRef = 0A3349DB18AB41260009E728 /* LQImageUtils.m */; };
		0A3349DE18AB41260009E728 /* LQImageUtils.m in Sources */ = {isa = PBXBuildFile; fileRef = 0A3349DB18AB41260009E728 /* LQImageUtils.m */; };
		0A3349E318AB41BA0009E728 /* LQImageUtils+OSXUtils.h in Headers */ = {isa = PBXBuildFile; fileRef = 0A3349E118AB41BA0009E728 /* LQImageUtils+OSXUtils.h */; };
		0A3349E718AB41DF0009E728 /* LQImageUtils+iOSUtils.m in Sources */ = {isa = PBXBuildFile; fileRef = 0A3349E618AB41DF0009E728 /* LQImageUtils+iOSUtils.m */; };
		0A507CA618AC22FC00085CDB /* LQImageUtils+iOSTests.m in Sources */ = {isa = PBXBuildFile; fileRef = 0A507CA518AC22FC00085CDB /* LQImageUtils+iOSTests.m */; };
		0A5CFA5318AC38560090AE84 /* UIKit.framework in Frameworks */ = {isa = PBXBuildFile; fileRef = 0AEA251118AB784F00248526 /* UIKit.framework */; };
		0A5CFA5618AC38690090AE84 /* libLiquidKit.a in Frameworks */ = {isa = PBXBuildFile; fileRef = 0AFCED0818A3502000A84A0C /* libLiquidKit.a */; };
		0A5CFA5718AC39CB0090AE84 /* LQImageUtils+iOSUtils.h in CopyFiles */ = {isa = PBXBuildFile; fileRef = 0A3349E518AB41DF0009E728 /* LQImageUtils+iOSUtils.h */; };
		0A5CFA5818AC39CB0090AE84 /* MXCILiquidFilter.h in CopyFiles */ = {isa = PBXBuildFile; fileRef = 0A3349D418AB3A1B0009E728 /* MXCILiquidFilter.h */; };
		0A5CFA5918AC39CB0090AE84 /* LQImageUtils.h in CopyFiles */ = {isa = PBXBuildFile; fileRef = 0A3349DA18AB41260009E728 /* LQImageUtils.h */; };
		0A5CFA5A18AC39CB0090AE84 /* MXLiquidParticleFactory.h in CopyFiles */ = {isa = PBXBuildFile; fileRef = 0ADEEFCB18A7544500A60D3B /* MXLiquidParticleFactory.h */; };
		0A5CFA5B18AC39CB0090AE84 /* LiquidKit.h in CopyFiles */ = {isa = PBXBuildFile; fileRef = 0AFCECE418A2E19B00A84A0C /* LiquidKit.h */; };
		0ADEEF6C18A747DB00A60D3B /* CoreGraphics.framework in Frameworks */ = {isa = PBXBuildFile; fileRef = 0ADEEF6B18A747DB00A60D3B /* CoreGraphics.framework */; };
		0ADEEF6E18A749AB00A60D3B /* QuartzCore.framework in Frameworks */ = {isa = PBXBuildFile; fileRef = 0ADEEF6D18A749AB00A60D3B /* QuartzCore.framework */; };
		0ADEEF7018A74D7D00A60D3B /* SpriteKit.framework in Frameworks */ = {isa = PBXBuildFile; fileRef = 0ADEEF6F18A74D7D00A60D3B /* SpriteKit.framework */; };
		0ADEEF7218A74D8800A60D3B /* SpriteKit.framework in Frameworks */ = {isa = PBXBuildFile; fileRef = 0ADEEF7118A74D8800A60D3B /* SpriteKit.framework */; };
		0ADEEFCD18A7544500A60D3B /* MXLiquidParticleFactory.h in Headers */ = {isa = PBXBuildFile; fileRef = 0ADEEFCB18A7544500A60D3B /* MXLiquidParticleFactory.h */; };
		0ADEEFCE18A7544500A60D3B /* MXLiquidParticleFactory.m in Sources */ = {isa = PBXBuildFile; fileRef = 0ADEEFCC18A7544500A60D3B /* MXLiquidParticleFactory.m */; };
		0ADEEFCF18A7544500A60D3B /* MXLiquidParticleFactory.m in Sources */ = {isa = PBXBuildFile; fileRef = 0ADEEFCC18A7544500A60D3B /* MXLiquidParticleFactory.m */; };
		0AEA250E18AB759600248526 /* AppKit.framework in Frameworks */ = {isa = PBXBuildFile; fileRef = 0AFCECDC18A2E19B00A84A0C /* AppKit.framework */; };
		0AEA251018AB76D000248526 /* LQImageUtils+OSXUtils.m in Sources */ = {isa = PBXBuildFile; fileRef = 0A3349E218AB41BA0009E728 /* LQImageUtils+OSXUtils.m */; };
		0AEA251218AB784F00248526 /* UIKit.framework in Frameworks */ = {isa = PBXBuildFile; fileRef = 0AEA251118AB784F00248526 /* UIKit.framework */; };
		0AFCECD818A2E19B00A84A0C /* Cocoa.framework in Frameworks */ = {isa = PBXBuildFile; fileRef = 0AFCECD718A2E19B00A84A0C /* Cocoa.framework */; };
		0AFCECE218A2E19B00A84A0C /* InfoPlist.strings in Resources */ = {isa = PBXBuildFile; fileRef = 0AFCECE018A2E19B00A84A0C /* InfoPlist.strings */; };
		0AFCECED18A2E19B00A84A0C /* XCTest.framework in Frameworks */ = {isa = PBXBuildFile; fileRef = 0AFCECEC18A2E19B00A84A0C /* XCTest.framework */; };
		0AFCECEE18A2E19B00A84A0C /* Cocoa.framework in Frameworks */ = {isa = PBXBuildFile; fileRef = 0AFCECD718A2E19B00A84A0C /* Cocoa.framework */; };
		0AFCECF118A2E19B00A84A0C /* LiquidKit.framework in Frameworks */ = {isa = PBXBuildFile; fileRef = 0AFCECD418A2E19B00A84A0C /* LiquidKit.framework */; };
		0AFCECF718A2E19B00A84A0C /* InfoPlist.strings in Resources */ = {isa = PBXBuildFile; fileRef = 0AFCECF518A2E19B00A84A0C /* InfoPlist.strings */; };
		0AFCECF918A2E19B00A84A0C /* LQImageUtils+OSXTests.m in Sources */ = {isa = PBXBuildFile; fileRef = 0AFCECF818A2E19B00A84A0C /* LQImageUtils+OSXTests.m */; };
		0AFCED0A18A3502000A84A0C /* Foundation.framework in Frameworks */ = {isa = PBXBuildFile; fileRef = 0AFCED0918A3502000A84A0C /* Foundation.framework */; };
		0AFCED1718A3502100A84A0C /* XCTest.framework in Frameworks */ = {isa = PBXBuildFile; fileRef = 0AFCECEC18A2E19B00A84A0C /* XCTest.framework */; };
		0AFCED1818A3502100A84A0C /* Foundation.framework in Frameworks */ = {isa = PBXBuildFile; fileRef = 0AFCED0918A3502000A84A0C /* Foundation.framework */; };
/* End PBXBuildFile section */

/* Begin PBXContainerItemProxy section */
		0A5CFA5418AC38650090AE84 /* PBXContainerItemProxy */ = {
			isa = PBXContainerItemProxy;
			containerPortal = 0AFCECCB18A2E19B00A84A0C /* Project object */;
			proxyType = 1;
			remoteGlobalIDString = 0AFCED0718A3502000A84A0C;
			remoteInfo = LiquidKitLibrary;
		};
		0A65852018A57DDD00E71151 /* PBXContainerItemProxy */ = {
			isa = PBXContainerItemProxy;
			containerPortal = 0AFCECCB18A2E19B00A84A0C /* Project object */;
			proxyType = 1;
			remoteGlobalIDString = 0AFCECD318A2E19B00A84A0C;
			remoteInfo = LiquidKitFramework;
		};
		0ACAAA4518A4BFB5006E95F1 /* PBXContainerItemProxy */ = {
			isa = PBXContainerItemProxy;
			containerPortal = 0AFCECCB18A2E19B00A84A0C /* Project object */;
			proxyType = 1;
			remoteGlobalIDString = 0ACAAA3D18A4BA15006E95F1;
			remoteInfo = RunMakeTarget;
		};
/* End PBXContainerItemProxy section */

/* Begin PBXCopyFilesBuildPhase section */
		0AFCED0618A3502000A84A0C /* CopyFiles */ = {
			isa = PBXCopyFilesBuildPhase;
			buildActionMask = 2147483647;
			dstPath = "include/$(PRODUCT_NAME)";
			dstSubfolderSpec = 16;
			files = (
				0A5CFA5718AC39CB0090AE84 /* LQImageUtils+iOSUtils.h in CopyFiles */,
				0A5CFA5818AC39CB0090AE84 /* MXCILiquidFilter.h in CopyFiles */,
				0A5CFA5918AC39CB0090AE84 /* LQImageUtils.h in CopyFiles */,
				0A5CFA5A18AC39CB0090AE84 /* MXLiquidParticleFactory.h in CopyFiles */,
				0A5CFA5B18AC39CB0090AE84 /* LiquidKit.h in CopyFiles */,
			);
			runOnlyForDeploymentPostprocessing = 0;
		};
/* End PBXCopyFilesBuildPhase section */

/* Begin PBXFileReference section */
		0A3349D418AB3A1B0009E728 /* MXCILiquidFilter.h */ = {isa = PBXFileReference; fileEncoding = 4; lastKnownFileType = sourcecode.c.h; path = MXCILiquidFilter.h; sourceTree = "<group>"; };
		0A3349D518AB3A1B0009E728 /* MXCILiquidFilter.m */ = {isa = PBXFileReference; fileEncoding = 4; lastKnownFileType = sourcecode.c.objc; path = MXCILiquidFilter.m; sourceTree = "<group>"; };
		0A3349DA18AB41260009E728 /* LQImageUtils.h */ = {isa = PBXFileReference; fileEncoding = 4; lastKnownFileType = sourcecode.c.h; path = LQImageUtils.h; sourceTree = "<group>"; };
		0A3349DB18AB41260009E728 /* LQImageUtils.m */ = {isa = PBXFileReference; fileEncoding = 4; lastKnownFileType = sourcecode.c.objc; path = LQImageUtils.m; sourceTree = "<group>"; };
		0A3349E118AB41BA0009E728 /* LQImageUtils+OSXUtils.h */ = {isa = PBXFileReference; fileEncoding = 4; lastKnownFileType = sourcecode.c.h; path = "LQImageUtils+OSXUtils.h"; sourceTree = "<group>"; };
		0A3349E218AB41BA0009E728 /* LQImageUtils+OSXUtils.m */ = {isa = PBXFileReference; fileEncoding = 4; lastKnownFileType = sourcecode.c.objc; path = "LQImageUtils+OSXUtils.m"; sourceTree = "<group>"; };
		0A3349E518AB41DF0009E728 /* LQImageUtils+iOSUtils.h */ = {isa = PBXFileReference; fileEncoding = 4; lastKnownFileType = sourcecode.c.h; path = "LQImageUtils+iOSUtils.h"; sourceTree = "<group>"; };
		0A3349E618AB41DF0009E728 /* LQImageUtils+iOSUtils.m */ = {isa = PBXFileReference; fileEncoding = 4; lastKnownFileType = sourcecode.c.objc; path = "LQImageUtils+iOSUtils.m"; sourceTree = "<group>"; };
		0A507CA518AC22FC00085CDB /* LQImageUtils+iOSTests.m */ = {isa = PBXFileReference; fileEncoding = 4; lastKnownFileType = sourcecode.c.objc; path = "LQImageUtils+iOSTests.m"; sourceTree = "<group>"; };
		0ADEEF6918A747C900A60D3B /* CoreGraphics.framework */ = {isa = PBXFileReference; lastKnownFileType = wrapper.framework; name = CoreGraphics.framework; path = System/Library/Frameworks/CoreGraphics.framework; sourceTree = SDKROOT; };
		0ADEEF6B18A747DB00A60D3B /* CoreGraphics.framework */ = {isa = PBXFileReference; lastKnownFileType = wrapper.framework; name = CoreGraphics.framework; path = Platforms/iPhoneOS.platform/Developer/SDKs/iPhoneOS7.0.sdk/System/Library/Frameworks/CoreGraphics.framework; sourceTree = DEVELOPER_DIR; };
		0ADEEF6D18A749AB00A60D3B /* QuartzCore.framework */ = {isa = PBXFileReference; lastKnownFileType = wrapper.framework; name = QuartzCore.framework; path = System/Library/Frameworks/QuartzCore.framework; sourceTree = SDKROOT; };
		0ADEEF6F18A74D7D00A60D3B /* SpriteKit.framework */ = {isa = PBXFileReference; lastKnownFileType = wrapper.framework; name = SpriteKit.framework; path = System/Library/Frameworks/SpriteKit.framework; sourceTree = SDKROOT; };
		0ADEEF7118A74D8800A60D3B /* SpriteKit.framework */ = {isa = PBXFileReference; lastKnownFileType = wrapper.framework; name = SpriteKit.framework; path = Platforms/iPhoneOS.platform/Developer/SDKs/iPhoneOS7.0.sdk/System/Library/Frameworks/SpriteKit.framework; sourceTree = DEVELOPER_DIR; };
		0ADEEFCB18A7544500A60D3B /* MXLiquidParticleFactory.h */ = {isa = PBXFileReference; fileEncoding = 4; lastKnownFileType = sourcecode.c.h; path = MXLiquidParticleFactory.h; sourceTree = "<group>"; };
		0ADEEFCC18A7544500A60D3B /* MXLiquidParticleFactory.m */ = {isa = PBXFileReference; fileEncoding = 4; lastKnownFileType = sourcecode.c.objc; path = MXLiquidParticleFactory.m; sourceTree = "<group>"; };
		0AEA251118AB784F00248526 /* UIKit.framework */ = {isa = PBXFileReference; lastKnownFileType = wrapper.framework; name = UIKit.framework; path = Platforms/iPhoneOS.platform/Developer/SDKs/iPhoneOS7.0.sdk/System/Library/Frameworks/UIKit.framework; sourceTree = DEVELOPER_DIR; };
		0AFCECD418A2E19B00A84A0C /* LiquidKit.framework */ = {isa = PBXFileReference; explicitFileType = wrapper.framework; includeInIndex = 0; path = LiquidKit.framework; sourceTree = BUILT_PRODUCTS_DIR; };
		0AFCECD718A2E19B00A84A0C /* Cocoa.framework */ = {isa = PBXFileReference; lastKnownFileType = wrapper.framework; name = Cocoa.framework; path = System/Library/Frameworks/Cocoa.framework; sourceTree = SDKROOT; };
		0AFCECDA18A2E19B00A84A0C /* Foundation.framework */ = {isa = PBXFileReference; lastKnownFileType = wrapper.framework; name = Foundation.framework; path = System/Library/Frameworks/Foundation.framework; sourceTree = SDKROOT; };
		0AFCECDB18A2E19B00A84A0C /* CoreData.framework */ = {isa = PBXFileReference; lastKnownFileType = wrapper.framework; name = CoreData.framework; path = System/Library/Frameworks/CoreData.framework; sourceTree = SDKROOT; };
		0AFCECDC18A2E19B00A84A0C /* AppKit.framework */ = {isa = PBXFileReference; lastKnownFileType = wrapper.framework; name = AppKit.framework; path = System/Library/Frameworks/AppKit.framework; sourceTree = SDKROOT; };
		0AFCECDF18A2E19B00A84A0C /* LiquidKit-Info.plist */ = {isa = PBXFileReference; lastKnownFileType = text.plist.xml; path = "LiquidKit-Info.plist"; sourceTree = "<group>"; };
		0AFCECE118A2E19B00A84A0C /* en */ = {isa = PBXFileReference; lastKnownFileType = text.plist.strings; name = en; path = en.lproj/InfoPlist.strings; sourceTree = "<group>"; };
		0AFCECE318A2E19B00A84A0C /* LiquidKit-Prefix.pch */ = {isa = PBXFileReference; lastKnownFileType = sourcecode.c.h; path = "LiquidKit-Prefix.pch"; sourceTree = "<group>"; };
		0AFCECE418A2E19B00A84A0C /* LiquidKit.h */ = {isa = PBXFileReference; lastKnownFileType = sourcecode.c.h; path = LiquidKit.h; sourceTree = "<group>"; };
		0AFCECEB18A2E19B00A84A0C /* LiquidKitFrameworkTests.xctest */ = {isa = PBXFileReference; explicitFileType = wrapper.cfbundle; includeInIndex = 0; path = LiquidKitFrameworkTests.xctest; sourceTree = BUILT_PRODUCTS_DIR; };
		0AFCECEC18A2E19B00A84A0C /* XCTest.framework */ = {isa = PBXFileReference; lastKnownFileType = wrapper.framework; name = XCTest.framework; path = Library/Frameworks/XCTest.framework; sourceTree = DEVELOPER_DIR; };
		0AFCECF418A2E19B00A84A0C /* LiquidKitTests-Info.plist */ = {isa = PBXFileReference; lastKnownFileType = text.plist.xml; path = "LiquidKitTests-Info.plist"; sourceTree = "<group>"; };
		0AFCECF618A2E19B00A84A0C /* en */ = {isa = PBXFileReference; lastKnownFileType = text.plist.strings; name = en; path = en.lproj/InfoPlist.strings; sourceTree = "<group>"; };
		0AFCECF818A2E19B00A84A0C /* LQImageUtils+OSXTests.m */ = {isa = PBXFileReference; lastKnownFileType = sourcecode.c.objc; path = "LQImageUtils+OSXTests.m"; sourceTree = "<group>"; };
		0AFCED0818A3502000A84A0C /* libLiquidKit.a */ = {isa = PBXFileReference; explicitFileType = archive.ar; includeInIndex = 0; path = libLiquidKit.a; sourceTree = BUILT_PRODUCTS_DIR; };
		0AFCED0918A3502000A84A0C /* Foundation.framework */ = {isa = PBXFileReference; lastKnownFileType = wrapper.framework; name = Foundation.framework; path = System/Library/Frameworks/Foundation.framework; sourceTree = SDKROOT; };
		0AFCED1618A3502000A84A0C /* LiquidKitLibraryTests.xctest */ = {isa = PBXFileReference; explicitFileType = wrapper.cfbundle; includeInIndex = 0; path = LiquidKitLibraryTests.xctest; sourceTree = BUILT_PRODUCTS_DIR; };
		0AFCED1918A3502100A84A0C /* UIKit.framework */ = {isa = PBXFileReference; lastKnownFileType = wrapper.framework; name = UIKit.framework; path = Library/Frameworks/UIKit.framework; sourceTree = DEVELOPER_DIR; };
/* End PBXFileReference section */

/* Begin PBXFrameworksBuildPhase section */
		0AFCECD018A2E19B00A84A0C /* Frameworks */ = {
			isa = PBXFrameworksBuildPhase;
			buildActionMask = 2147483647;
			files = (
				0AEA250E18AB759600248526 /* AppKit.framework in Frameworks */,
				0ADEEF7018A74D7D00A60D3B /* SpriteKit.framework in Frameworks */,
				0ADEEF6E18A749AB00A60D3B /* QuartzCore.framework in Frameworks */,
				0AFCECD818A2E19B00A84A0C /* Cocoa.framework in Frameworks */,
			);
			runOnlyForDeploymentPostprocessing = 0;
		};
		0AFCECE818A2E19B00A84A0C /* Frameworks */ = {
			isa = PBXFrameworksBuildPhase;
			buildActionMask = 2147483647;
			files = (
				0AFCECF118A2E19B00A84A0C /* LiquidKit.framework in Frameworks */,
				0AFCECEE18A2E19B00A84A0C /* Cocoa.framework in Frameworks */,
				0AFCECED18A2E19B00A84A0C /* XCTest.framework in Frameworks */,
			);
			runOnlyForDeploymentPostprocessing = 0;
		};
		0AFCED0518A3502000A84A0C /* Frameworks */ = {
			isa = PBXFrameworksBuildPhase;
			buildActionMask = 2147483647;
			files = (
				0AEA251218AB784F00248526 /* UIKit.framework in Frameworks */,
				0ADEEF7218A74D8800A60D3B /* SpriteKit.framework in Frameworks */,
				0ADEEF6C18A747DB00A60D3B /* CoreGraphics.framework in Frameworks */,
				0AFCED0A18A3502000A84A0C /* Foundation.framework in Frameworks */,
			);
			runOnlyForDeploymentPostprocessing = 0;
		};
		0AFCED1318A3502000A84A0C /* Frameworks */ = {
			isa = PBXFrameworksBuildPhase;
			buildActionMask = 2147483647;
			files = (
				0A5CFA5618AC38690090AE84 /* libLiquidKit.a in Frameworks */,
				0A5CFA5318AC38560090AE84 /* UIKit.framework in Frameworks */,
				0AFCED1718A3502100A84A0C /* XCTest.framework in Frameworks */,
				0AFCED1818A3502100A84A0C /* Foundation.framework in Frameworks */,
			);
			runOnlyForDeploymentPostprocessing = 0;
		};
/* End PBXFrameworksBuildPhase section */

/* Begin PBXGroup section */
		0A3349D218AB3A1B0009E728 /* Common */ = {
			isa = PBXGroup;
			children = (
				0A3349D418AB3A1B0009E728 /* MXCILiquidFilter.h */,
				0A3349D518AB3A1B0009E728 /* MXCILiquidFilter.m */,
				0A3349DA18AB41260009E728 /* LQImageUtils.h */,
				0A3349DB18AB41260009E728 /* LQImageUtils.m */,
			);
			path = Common;
			sourceTree = "<group>";
		};
		0A3349DF18AB41370009E728 /* iOS */ = {
			isa = PBXGroup;
			children = (
				0A3349E518AB41DF0009E728 /* LQImageUtils+iOSUtils.h */,
				0A3349E618AB41DF0009E728 /* LQImageUtils+iOSUtils.m */,
			);
			path = iOS;
			sourceTree = "<group>";
		};
		0A3349E018AB41420009E728 /* OS X */ = {
			isa = PBXGroup;
			children = (
				0A3349E118AB41BA0009E728 /* LQImageUtils+OSXUtils.h */,
				0A3349E218AB41BA0009E728 /* LQImageUtils+OSXUtils.m */,
			);
			path = "OS X";
			sourceTree = "<group>";
		};
		0AFCECCA18A2E19B00A84A0C = {
			isa = PBXGroup;
			children = (
				0AFCECDD18A2E19B00A84A0C /* LiquidKit */,
				0AFCECF218A2E19B00A84A0C /* LiquidKitTests */,
				0AFCECD618A2E19B00A84A0C /* Frameworks */,
				0AFCECD518A2E19B00A84A0C /* Products */,
			);
			sourceTree = "<group>";
		};
		0AFCECD518A2E19B00A84A0C /* Products */ = {
			isa = PBXGroup;
			children = (
				0AFCECD418A2E19B00A84A0C /* LiquidKit.framework */,
				0AFCECEB18A2E19B00A84A0C /* LiquidKitFrameworkTests.xctest */,
				0AFCED0818A3502000A84A0C /* libLiquidKit.a */,
				0AFCED1618A3502000A84A0C /* LiquidKitLibraryTests.xctest */,
			);
			name = Products;
			sourceTree = "<group>";
		};
		0AFCECD618A2E19B00A84A0C /* Frameworks */ = {
			isa = PBXGroup;
			children = (
				0AEA251118AB784F00248526 /* UIKit.framework */,
				0ADEEF7118A74D8800A60D3B /* SpriteKit.framework */,
				0ADEEF6F18A74D7D00A60D3B /* SpriteKit.framework */,
				0ADEEF6D18A749AB00A60D3B /* QuartzCore.framework */,
				0ADEEF6B18A747DB00A60D3B /* CoreGraphics.framework */,
				0ADEEF6918A747C900A60D3B /* CoreGraphics.framework */,
				0AFCECD718A2E19B00A84A0C /* Cocoa.framework */,
				0AFCECEC18A2E19B00A84A0C /* XCTest.framework */,
				0AFCED0918A3502000A84A0C /* Foundation.framework */,
				0AFCED1918A3502100A84A0C /* UIKit.framework */,
				0AFCECD918A2E19B00A84A0C /* Other Frameworks */,
			);
			name = Frameworks;
			sourceTree = "<group>";
		};
		0AFCECD918A2E19B00A84A0C /* Other Frameworks */ = {
			isa = PBXGroup;
			children = (
				0AFCECDA18A2E19B00A84A0C /* Foundation.framework */,
				0AFCECDB18A2E19B00A84A0C /* CoreData.framework */,
				0AFCECDC18A2E19B00A84A0C /* AppKit.framework */,
			);
			name = "Other Frameworks";
			sourceTree = "<group>";
		};
		0AFCECDD18A2E19B00A84A0C /* LiquidKit */ = {
			isa = PBXGroup;
			children = (
				0A3349E018AB41420009E728 /* OS X */,
				0A3349DF18AB41370009E728 /* iOS */,
				0A3349D218AB3A1B0009E728 /* Common */,
				0ADEEFCB18A7544500A60D3B /* MXLiquidParticleFactory.h */,
				0ADEEFCC18A7544500A60D3B /* MXLiquidParticleFactory.m */,
				0AFCECE418A2E19B00A84A0C /* LiquidKit.h */,
				0AFCECDE18A2E19B00A84A0C /* Supporting Files */,
			);
			path = LiquidKit;
			sourceTree = "<group>";
		};
		0AFCECDE18A2E19B00A84A0C /* Supporting Files */ = {
			isa = PBXGroup;
			children = (
				0AFCECDF18A2E19B00A84A0C /* LiquidKit-Info.plist */,
				0AFCECE018A2E19B00A84A0C /* InfoPlist.strings */,
				0AFCECE318A2E19B00A84A0C /* LiquidKit-Prefix.pch */,
			);
			name = "Supporting Files";
			sourceTree = "<group>";
		};
		0AFCECF218A2E19B00A84A0C /* LiquidKitTests */ = {
			isa = PBXGroup;
			children = (
				0AFCECF818A2E19B00A84A0C /* LQImageUtils+OSXTests.m */,
				0A507CA518AC22FC00085CDB /* LQImageUtils+iOSTests.m */,
				0AFCECF318A2E19B00A84A0C /* Supporting Files */,
			);
			path = LiquidKitTests;
			sourceTree = "<group>";
		};
		0AFCECF318A2E19B00A84A0C /* Supporting Files */ = {
			isa = PBXGroup;
			children = (
				0AFCECF418A2E19B00A84A0C /* LiquidKitTests-Info.plist */,
				0AFCECF518A2E19B00A84A0C /* InfoPlist.strings */,
			);
			name = "Supporting Files";
			sourceTree = "<group>";
		};
/* End PBXGroup section */

/* Begin PBXHeadersBuildPhase section */
		0AFCECD118A2E19B00A84A0C /* Headers */ = {
			isa = PBXHeadersBuildPhase;
			buildActionMask = 2147483647;
			files = (
				0A29887118A57A9900CDC22F /* LiquidKit.h in Headers */,
				0A3349DC18AB41260009E728 /* LQImageUtils.h in Headers */,
				0ADEEFCD18A7544500A60D3B /* MXLiquidParticleFactory.h in Headers */,
				0A3349E318AB41BA0009E728 /* LQImageUtils+OSXUtils.h in Headers */,
				0A3349D718AB3A1B0009E728 /* MXCILiquidFilter.h in Headers */,
			);
			runOnlyForDeploymentPostprocessing = 0;
		};
/* End PBXHeadersBuildPhase section */

/* Begin PBXLegacyTarget section */
		0ACAAA3D18A4BA15006E95F1 /* RunMakeTarget */ = {
			isa = PBXLegacyTarget;
			buildArgumentsString = "${ACTION}";
			buildConfigurationList = 0ACAAA4018A4BA15006E95F1 /* Build configuration list for PBXLegacyTarget "RunMakeTarget" */;
			buildPhases = (
			);
			buildToolPath = /usr/bin/make;
			buildWorkingDirectory = "";
			dependencies = (
			);
			name = RunMakeTarget;
			passBuildSettingsInEnvironment = 1;
			productName = RunMakeTarget;
		};
/* End PBXLegacyTarget section */

/* Begin PBXNativeTarget section */
		0AFCECD318A2E19B00A84A0C /* LiquidKitFramework */ = {
			isa = PBXNativeTarget;
			buildConfigurationList = 0AFCECFC18A2E19B00A84A0C /* Build configuration list for PBXNativeTarget "LiquidKitFramework" */;
			buildPhases = (
				0AFCECCF18A2E19B00A84A0C /* Sources */,
				0AFCECD018A2E19B00A84A0C /* Frameworks */,
				0AFCECD118A2E19B00A84A0C /* Headers */,
				0AFCECD218A2E19B00A84A0C /* Resources */,
			);
			buildRules = (
			);
			dependencies = (
				0ACAAA4618A4BFB5006E95F1 /* PBXTargetDependency */,
			);
			name = LiquidKitFramework;
			productName = LiquidKit;
			productReference = 0AFCECD418A2E19B00A84A0C /* LiquidKit.framework */;
			productType = "com.apple.product-type.framework";
		};
		0AFCECEA18A2E19B00A84A0C /* LiquidKitFrameworkTests */ = {
			isa = PBXNativeTarget;
			buildConfigurationList = 0AFCECFF18A2E19B00A84A0C /* Build configuration list for PBXNativeTarget "LiquidKitFrameworkTests" */;
			buildPhases = (
				0AFCECE718A2E19B00A84A0C /* Sources */,
				0AFCECE818A2E19B00A84A0C /* Frameworks */,
				0AFCECE918A2E19B00A84A0C /* Resources */,
			);
			buildRules = (
			);
			dependencies = (
				0A65852118A57DDD00E71151 /* PBXTargetDependency */,
			);
			name = LiquidKitFrameworkTests;
			productName = LiquidKitTests;
			productReference = 0AFCECEB18A2E19B00A84A0C /* LiquidKitFrameworkTests.xctest */;
			productType = "com.apple.product-type.bundle.unit-test";
		};
		0AFCED0718A3502000A84A0C /* LiquidKitLibrary */ = {
			isa = PBXNativeTarget;
			buildConfigurationList = 0AFCED2618A3502100A84A0C /* Build configuration list for PBXNativeTarget "LiquidKitLibrary" */;
			buildPhases = (
				0AFCED0418A3502000A84A0C /* Sources */,
				0AFCED0518A3502000A84A0C /* Frameworks */,
				0AFCED0618A3502000A84A0C /* CopyFiles */,
			);
			buildRules = (
			);
			dependencies = (
			);
			name = LiquidKitLibrary;
			productName = LiquidKit;
			productReference = 0AFCED0818A3502000A84A0C /* libLiquidKit.a */;
			productType = "com.apple.product-type.library.static";
		};
		0AFCED1518A3502000A84A0C /* LiquidKitLibraryTests */ = {
			isa = PBXNativeTarget;
			buildConfigurationList = 0AFCED2918A3502100A84A0C /* Build configuration list for PBXNativeTarget "LiquidKitLibraryTests" */;
			buildPhases = (
				0AFCED1218A3502000A84A0C /* Sources */,
				0AFCED1318A3502000A84A0C /* Frameworks */,
				0AFCED1418A3502000A84A0C /* Resources */,
			);
			buildRules = (
			);
			dependencies = (
				0A5CFA5518AC38650090AE84 /* PBXTargetDependency */,
			);
			name = LiquidKitLibraryTests;
			productName = LiquidKitTests;
			productReference = 0AFCED1618A3502000A84A0C /* LiquidKitLibraryTests.xctest */;
			productType = "com.apple.product-type.bundle.unit-test";
		};
/* End PBXNativeTarget section */

/* Begin PBXProject section */
		0AFCECCB18A2E19B00A84A0C /* Project object */ = {
			isa = PBXProject;
			attributes = {
				LastUpgradeCheck = 0500;
				ORGANIZATIONNAME = "Kevin Hartman";
				TargetAttributes = {
					0AFCECEA18A2E19B00A84A0C = {
						TestTargetID = 0AFCECD318A2E19B00A84A0C;
					};
					0AFCED1518A3502000A84A0C = {
						TestTargetID = 0AFCECD318A2E19B00A84A0C;
					};
				};
			};
			buildConfigurationList = 0AFCECCE18A2E19B00A84A0C /* Build configuration list for PBXProject "LiquidKit" */;
			compatibilityVersion = "Xcode 3.2";
			developmentRegion = English;
			hasScannedForEncodings = 0;
			knownRegions = (
				en,
			);
			mainGroup = 0AFCECCA18A2E19B00A84A0C;
			productRefGroup = 0AFCECD518A2E19B00A84A0C /* Products */;
			projectDirPath = "";
			projectRoot = "";
			targets = (
				0AFCECD318A2E19B00A84A0C /* LiquidKitFramework */,
				0AFCECEA18A2E19B00A84A0C /* LiquidKitFrameworkTests */,
				0AFCED0718A3502000A84A0C /* LiquidKitLibrary */,
				0AFCED1518A3502000A84A0C /* LiquidKitLibraryTests */,
				0ACAAA3D18A4BA15006E95F1 /* RunMakeTarget */,
			);
		};
/* End PBXProject section */

/* Begin PBXResourcesBuildPhase section */
		0AFCECD218A2E19B00A84A0C /* Resources */ = {
			isa = PBXResourcesBuildPhase;
			buildActionMask = 2147483647;
			files = (
				0AFCECE218A2E19B00A84A0C /* InfoPlist.strings in Resources */,
			);
			runOnlyForDeploymentPostprocessing = 0;
		};
		0AFCECE918A2E19B00A84A0C /* Resources */ = {
			isa = PBXResourcesBuildPhase;
			buildActionMask = 2147483647;
			files = (
				0AFCECF718A2E19B00A84A0C /* InfoPlist.strings in Resources */,
			);
			runOnlyForDeploymentPostprocessing = 0;
		};
		0AFCED1418A3502000A84A0C /* Resources */ = {
			isa = PBXResourcesBuildPhase;
			buildActionMask = 2147483647;
			files = (
			);
			runOnlyForDeploymentPostprocessing = 0;
		};
/* End PBXResourcesBuildPhase section */

/* Begin PBXSourcesBuildPhase section */
		0AFCECCF18A2E19B00A84A0C /* Sources */ = {
			isa = PBXSourcesBuildPhase;
			buildActionMask = 2147483647;
			files = (
				0A3349D818AB3A1B0009E728 /* MXCILiquidFilter.m in Sources */,
				0AEA251018AB76D000248526 /* LQImageUtils+OSXUtils.m in Sources */,
				0ADEEFCE18A7544500A60D3B /* MXLiquidParticleFactory.m in Sources */,
				0A3349DD18AB41260009E728 /* LQImageUtils.m in Sources */,
			);
			runOnlyForDeploymentPostprocessing = 0;
		};
		0AFCECE718A2E19B00A84A0C /* Sources */ = {
			isa = PBXSourcesBuildPhase;
			buildActionMask = 2147483647;
			files = (
				0AFCECF918A2E19B00A84A0C /* LQImageUtils+OSXTests.m in Sources */,
			);
			runOnlyForDeploymentPostprocessing = 0;
		};
		0AFCED0418A3502000A84A0C /* Sources */ = {
			isa = PBXSourcesBuildPhase;
			buildActionMask = 2147483647;
			files = (
				0A3349D918AB3A1B0009E728 /* MXCILiquidFilter.m in Sources */,
				0ADEEFCF18A7544500A60D3B /* MXLiquidParticleFactory.m in Sources */,
				0A3349E718AB41DF0009E728 /* LQImageUtils+iOSUtils.m in Sources */,
				0A3349DE18AB41260009E728 /* LQImageUtils.m in Sources */,
			);
			runOnlyForDeploymentPostprocessing = 0;
		};
		0AFCED1218A3502000A84A0C /* Sources */ = {
			isa = PBXSourcesBuildPhase;
			buildActionMask = 2147483647;
			files = (
				0A507CA618AC22FC00085CDB /* LQImageUtils+iOSTests.m in Sources */,
			);
			runOnlyForDeploymentPostprocessing = 0;
		};
/* End PBXSourcesBuildPhase section */

/* Begin PBXTargetDependency section */
		0A5CFA5518AC38650090AE84 /* PBXTargetDependency */ = {
			isa = PBXTargetDependency;
			target = 0AFCED0718A3502000A84A0C /* LiquidKitLibrary */;
			targetProxy = 0A5CFA5418AC38650090AE84 /* PBXContainerItemProxy */;
		};
		0A65852118A57DDD00E71151 /* PBXTargetDependency */ = {
			isa = PBXTargetDependency;
			target = 0AFCECD318A2E19B00A84A0C /* LiquidKitFramework */;
			targetProxy = 0A65852018A57DDD00E71151 /* PBXContainerItemProxy */;
		};
		0ACAAA4618A4BFB5006E95F1 /* PBXTargetDependency */ = {
			isa = PBXTargetDependency;
			target = 0ACAAA3D18A4BA15006E95F1 /* RunMakeTarget */;
			targetProxy = 0ACAAA4518A4BFB5006E95F1 /* PBXContainerItemProxy */;
		};
/* End PBXTargetDependency section */

/* Begin PBXVariantGroup section */
		0AFCECE018A2E19B00A84A0C /* InfoPlist.strings */ = {
			isa = PBXVariantGroup;
			children = (
				0AFCECE118A2E19B00A84A0C /* en */,
			);
			name = InfoPlist.strings;
			sourceTree = "<group>";
		};
		0AFCECF518A2E19B00A84A0C /* InfoPlist.strings */ = {
			isa = PBXVariantGroup;
			children = (
				0AFCECF618A2E19B00A84A0C /* en */,
			);
			name = InfoPlist.strings;
			sourceTree = "<group>";
		};
/* End PBXVariantGroup section */

/* Begin XCBuildConfiguration section */
		0ACAAA3E18A4BA15006E95F1 /* Debug */ = {
			isa = XCBuildConfiguration;
			buildSettings = {
				DEBUGGING_SYMBOLS = YES;
				GCC_GENERATE_DEBUGGING_SYMBOLS = YES;
				GCC_OPTIMIZATION_LEVEL = 0;
				GCC_PREPROCESSOR_DEFINITIONS = (
					"DEBUG=1",
					"$(inherited)",
				);
				OTHER_CFLAGS = "";
				OTHER_LDFLAGS = "";
				PRODUCT_NAME = "$(TARGET_NAME)";
			};
			name = Debug;
		};
		0ACAAA3F18A4BA15006E95F1 /* Release */ = {
			isa = XCBuildConfiguration;
			buildSettings = {
				OTHER_CFLAGS = "";
				OTHER_LDFLAGS = "";
				PRODUCT_NAME = "$(TARGET_NAME)";
			};
			name = Release;
		};
		0AFCECFA18A2E19B00A84A0C /* Debug */ = {
			isa = XCBuildConfiguration;
			buildSettings = {
				ALWAYS_SEARCH_USER_PATHS = NO;
				CLANG_CXX_LANGUAGE_STANDARD = "gnu++0x";
				CLANG_CXX_LIBRARY = "libc++";
				CLANG_ENABLE_OBJC_ARC = YES;
				CLANG_WARN_BOOL_CONVERSION = YES;
				CLANG_WARN_CONSTANT_CONVERSION = YES;
				CLANG_WARN_DIRECT_OBJC_ISA_USAGE = YES_ERROR;
				CLANG_WARN_EMPTY_BODY = YES;
				CLANG_WARN_ENUM_CONVERSION = YES;
				CLANG_WARN_INT_CONVERSION = YES;
				CLANG_WARN_OBJC_ROOT_CLASS = YES_ERROR;
				CLANG_WARN__DUPLICATE_METHOD_MATCH = YES;
				COPY_PHASE_STRIP = NO;
				GCC_C_LANGUAGE_STANDARD = gnu99;
				GCC_DYNAMIC_NO_PIC = NO;
				GCC_ENABLE_OBJC_EXCEPTIONS = YES;
				GCC_OPTIMIZATION_LEVEL = 0;
				GCC_PREPROCESSOR_DEFINITIONS = (
					"DEBUG=1",
					"$(inherited)",
				);
				GCC_SYMBOLS_PRIVATE_EXTERN = NO;
				GCC_WARN_64_TO_32_BIT_CONVERSION = YES;
				GCC_WARN_ABOUT_RETURN_TYPE = YES_ERROR;
				GCC_WARN_UNDECLARED_SELECTOR = YES;
				GCC_WARN_UNINITIALIZED_AUTOS = YES;
				GCC_WARN_UNUSED_FUNCTION = YES;
				GCC_WARN_UNUSED_VARIABLE = YES;
				MACOSX_DEPLOYMENT_TARGET = 10.9;
				ONLY_ACTIVE_ARCH = YES;
				SDKROOT = macosx;
			};
			name = Debug;
		};
		0AFCECFB18A2E19B00A84A0C /* Release */ = {
			isa = XCBuildConfiguration;
			buildSettings = {
				ALWAYS_SEARCH_USER_PATHS = NO;
				CLANG_CXX_LANGUAGE_STANDARD = "gnu++0x";
				CLANG_CXX_LIBRARY = "libc++";
				CLANG_ENABLE_OBJC_ARC = YES;
				CLANG_WARN_BOOL_CONVERSION = YES;
				CLANG_WARN_CONSTANT_CONVERSION = YES;
				CLANG_WARN_DIRECT_OBJC_ISA_USAGE = YES_ERROR;
				CLANG_WARN_EMPTY_BODY = YES;
				CLANG_WARN_ENUM_CONVERSION = YES;
				CLANG_WARN_INT_CONVERSION = YES;
				CLANG_WARN_OBJC_ROOT_CLASS = YES_ERROR;
				CLANG_WARN__DUPLICATE_METHOD_MATCH = YES;
				COPY_PHASE_STRIP = YES;
				DEBUG_INFORMATION_FORMAT = "dwarf-with-dsym";
				ENABLE_NS_ASSERTIONS = NO;
				GCC_C_LANGUAGE_STANDARD = gnu99;
				GCC_ENABLE_OBJC_EXCEPTIONS = YES;
				GCC_WARN_64_TO_32_BIT_CONVERSION = YES;
				GCC_WARN_ABOUT_RETURN_TYPE = YES_ERROR;
				GCC_WARN_UNDECLARED_SELECTOR = YES;
				GCC_WARN_UNINITIALIZED_AUTOS = YES;
				GCC_WARN_UNUSED_FUNCTION = YES;
				GCC_WARN_UNUSED_VARIABLE = YES;
				MACOSX_DEPLOYMENT_TARGET = 10.9;
				SDKROOT = macosx;
			};
			name = Release;
		};
		0AFCECFD18A2E19B00A84A0C /* Debug */ = {
			isa = XCBuildConfiguration;
			buildSettings = {
				COMBINE_HIDPI_IMAGES = YES;
				DYLIB_COMPATIBILITY_VERSION = 1;
				DYLIB_CURRENT_VERSION = 1;
				FRAMEWORK_VERSION = A;
				GCC_PRECOMPILE_PREFIX_HEADER = YES;
				GCC_PREFIX_HEADER = "LiquidKit/LiquidKit-Prefix.pch";
				INFOPLIST_FILE = "LiquidKit/LiquidKit-Info.plist";
				INSTALL_PATH = "/tmp/$(PROJECT_NAME).dst";
				PRODUCT_NAME = LiquidKit;
				WRAPPER_EXTENSION = framework;
			};
			name = Debug;
		};
		0AFCECFE18A2E19B00A84A0C /* Release */ = {
			isa = XCBuildConfiguration;
			buildSettings = {
				COMBINE_HIDPI_IMAGES = YES;
				DYLIB_COMPATIBILITY_VERSION = 1;
				DYLIB_CURRENT_VERSION = 1;
				FRAMEWORK_VERSION = A;
				GCC_PRECOMPILE_PREFIX_HEADER = YES;
				GCC_PREFIX_HEADER = "LiquidKit/LiquidKit-Prefix.pch";
				INFOPLIST_FILE = "LiquidKit/LiquidKit-Info.plist";
				INSTALL_PATH = "/tmp/$(PROJECT_NAME).dst";
				PRODUCT_NAME = LiquidKit;
				WRAPPER_EXTENSION = framework;
			};
			name = Release;
		};
		0AFCED0018A2E19B00A84A0C /* Debug */ = {
			isa = XCBuildConfiguration;
			buildSettings = {
				BUNDLE_LOADER = "$(BUILT_PRODUCTS_DIR)/LiquidKit.framework/Versions/A/LiquidKit";
				COMBINE_HIDPI_IMAGES = YES;
				FRAMEWORK_SEARCH_PATHS = (
					"$(DEVELOPER_FRAMEWORKS_DIR)",
					"$(inherited)",
				);
				GCC_PRECOMPILE_PREFIX_HEADER = YES;
				GCC_PREFIX_HEADER = "LiquidKit/LiquidKit-Prefix.pch";
				GCC_PREPROCESSOR_DEFINITIONS = (
					"DEBUG=1",
					"$(inherited)",
				);
				INFOPLIST_FILE = "LiquidKitTests/LiquidKitTests-Info.plist";
				PRODUCT_NAME = "$(TARGET_NAME)";
				TEST_HOST = "$(BUNDLE_LOADER)";
				WRAPPER_EXTENSION = xctest;
			};
			name = Debug;
		};
		0AFCED0118A2E19B00A84A0C /* Release */ = {
			isa = XCBuildConfiguration;
			buildSettings = {
				BUNDLE_LOADER = "$(BUILT_PRODUCTS_DIR)/LiquidKit.framework/Versions/A/LiquidKit";
				COMBINE_HIDPI_IMAGES = YES;
				FRAMEWORK_SEARCH_PATHS = (
					"$(DEVELOPER_FRAMEWORKS_DIR)",
					"$(inherited)",
				);
				GCC_PRECOMPILE_PREFIX_HEADER = YES;
				GCC_PREFIX_HEADER = "LiquidKit/LiquidKit-Prefix.pch";
				INFOPLIST_FILE = "LiquidKitTests/LiquidKitTests-Info.plist";
				PRODUCT_NAME = "$(TARGET_NAME)";
				TEST_HOST = "$(BUNDLE_LOADER)";
				WRAPPER_EXTENSION = xctest;
			};
			name = Release;
		};
		0AFCED2718A3502100A84A0C /* Debug */ = {
			isa = XCBuildConfiguration;
			buildSettings = {
				ARCHS = "$(ARCHS_STANDARD_INCLUDING_64_BIT)";
				CLANG_ENABLE_MODULES = YES;
				DSTROOT = /tmp/LiquidKit.dst;
				GCC_PRECOMPILE_PREFIX_HEADER = YES;
				GCC_PREFIX_HEADER = "LiquidKit/LiquidKit-Prefix.pch";
				GCC_PREPROCESSOR_DEFINITIONS = (
					"DEBUG=1",
					"$(inherited)",
				);
				IPHONEOS_DEPLOYMENT_TARGET = 7.0;
				OTHER_LDFLAGS = (
					"-ObjC",
					"-all_load",
				);
				PRODUCT_NAME = LiquidKit;
				SDKROOT = iphoneos;
				SKIP_INSTALL = YES;
			};
			name = Debug;
		};
		0AFCED2818A3502100A84A0C /* Release */ = {
			isa = XCBuildConfiguration;
			buildSettings = {
				ARCHS = "$(ARCHS_STANDARD_INCLUDING_64_BIT)";
				CLANG_ENABLE_MODULES = YES;
				DSTROOT = /tmp/LiquidKit.dst;
				GCC_PRECOMPILE_PREFIX_HEADER = YES;
				GCC_PREFIX_HEADER = "LiquidKit/LiquidKit-Prefix.pch";
				IPHONEOS_DEPLOYMENT_TARGET = 7.0;
				OTHER_LDFLAGS = (
					"-ObjC",
					"-all_load",
				);
				PRODUCT_NAME = LiquidKit;
				SDKROOT = iphoneos;
				SKIP_INSTALL = YES;
				VALIDATE_PRODUCT = YES;
			};
			name = Release;
		};
		0AFCED2A18A3502100A84A0C /* Debug */ = {
			isa = XCBuildConfiguration;
			buildSettings = {
				ARCHS = "$(ARCHS_STANDARD_INCLUDING_64_BIT)";
				BUNDLE_LOADER = "$(BUILT_PRODUCTS_DIR)/libLiquidKit.a";
				CLANG_ENABLE_MODULES = YES;
				FRAMEWORK_SEARCH_PATHS = (
					"$(SDKROOT)/Developer/Library/Frameworks",
					"$(inherited)",
					"$(DEVELOPER_FRAMEWORKS_DIR)",
				);
				GCC_PRECOMPILE_PREFIX_HEADER = YES;
				GCC_PREFIX_HEADER = "LiquidKit/LiquidKit-Prefix.pch";
				GCC_PREPROCESSOR_DEFINITIONS = (
					"DEBUG=1",
					"$(inherited)",
				);
				INFOPLIST_FILE = "LiquidKitTests/LiquidKitTests-Info.plist";
				IPHONEOS_DEPLOYMENT_TARGET = 7.0;
				OTHER_LDFLAGS = (
					"$(inherited)",
					"-framework",
					XCTest,
					"-all_load",
				);
				PRODUCT_NAME = "$(TARGET_NAME)";
				SDKROOT = iphoneos;
				TEST_HOST = "$(BUNDLE_LOADER)";
				WRAPPER_EXTENSION = xctest;
			};
			name = Debug;
		};
		0AFCED2B18A3502100A84A0C /* Release */ = {
			isa = XCBuildConfiguration;
			buildSettings = {
				ARCHS = "$(ARCHS_STANDARD_INCLUDING_64_BIT)";
				BUNDLE_LOADER = "$(BUILT_PRODUCTS_DIR)/libLiquidKit.a";
				CLANG_ENABLE_MODULES = YES;
				FRAMEWORK_SEARCH_PATHS = (
					"$(SDKROOT)/Developer/Library/Frameworks",
					"$(inherited)",
					"$(DEVELOPER_FRAMEWORKS_DIR)",
				);
				GCC_PRECOMPILE_PREFIX_HEADER = YES;
				GCC_PREFIX_HEADER = "LiquidKit/LiquidKit-Prefix.pch";
				INFOPLIST_FILE = "LiquidKitTests/LiquidKitTests-Info.plist";
				IPHONEOS_DEPLOYMENT_TARGET = 7.0;
				OTHER_LDFLAGS = (
					"$(inherited)",
					"-framework",
					XCTest,
					"-all_load",
				);
				PRODUCT_NAME = "$(TARGET_NAME)";
				SDKROOT = iphoneos;
				TEST_HOST = "$(BUNDLE_LOADER)";
				VALIDATE_PRODUCT = YES;
				WRAPPER_EXTENSION = xctest;
			};
			name = Release;
		};
/* End XCBuildConfiguration section */

/* Begin XCConfigurationList section */
		0ACAAA4018A4BA15006E95F1 /* Build configuration list for PBXLegacyTarget "RunMakeTarget" */ = {
			isa = XCConfigurationList;
			buildConfigurations = (
				0ACAAA3E18A4BA15006E95F1 /* Debug */,
				0ACAAA3F18A4BA15006E95F1 /* Release */,
			);
			defaultConfigurationIsVisible = 0;
			defaultConfigurationName = Release;
		};
		0AFCECCE18A2E19B00A84A0C /* Build configuration list for PBXProject "LiquidKit" */ = {
			isa = XCConfigurationList;
			buildConfigurations = (
				0AFCECFA18A2E19B00A84A0C /* Debug */,
				0AFCECFB18A2E19B00A84A0C /* Release */,
			);
			defaultConfigurationIsVisible = 0;
			defaultConfigurationName = Release;
		};
		0AFCECFC18A2E19B00A84A0C /* Build configuration list for PBXNativeTarget "LiquidKitFramework" */ = {
			isa = XCConfigurationList;
			buildConfigurations = (
				0AFCECFD18A2E19B00A84A0C /* Debug */,
				0AFCECFE18A2E19B00A84A0C /* Release */,
			);
			defaultConfigurationIsVisible = 0;
			defaultConfigurationName = Release;
		};
		0AFCECFF18A2E19B00A84A0C /* Build configuration list for PBXNativeTarget "LiquidKitFrameworkTests" */ = {
			isa = XCConfigurationList;
			buildConfigurations = (
				0AFCED0018A2E19B00A84A0C /* Debug */,
				0AFCED0118A2E19B00A84A0C /* Release */,
			);
			defaultConfigurationIsVisible = 0;
			defaultConfigurationName = Release;
		};
		0AFCED2618A3502100A84A0C /* Build configuration list for PBXNativeTarget "LiquidKitLibrary" */ = {
			isa = XCConfigurationList;
			buildConfigurations = (
				0AFCED2718A3502100A84A0C /* Debug */,
				0AFCED2818A3502100A84A0C /* Release */,
			);
			defaultConfigurationIsVisible = 0;
			defaultConfigurationName = Release;
		};
		0AFCED2918A3502100A84A0C /* Build configuration list for PBXNativeTarget "LiquidKitLibraryTests" */ = {
			isa = XCConfigurationList;
			buildConfigurations = (
				0AFCED2A18A3502100A84A0C /* Debug */,
				0AFCED2B18A3502100A84A0C /* Release */,
			);
			defaultConfigurationIsVisible = 0;
			defaultConfigurationName = Release;
		};
/* End XCConfigurationList section */
	};
	rootObject = 0AFCECCB18A2E19B00A84A0C /* Project object */;
}
